
Microsoft Visual Studio Solution File, Format Version 12.00
# Visual Studio Version 16
VisualStudioVersion = 16.0.31729.503
MinimumVisualStudioVersion = 10.0.40219.1
Project("{9A19103F-16F7-4668-BE54-9A1E7A4F7556}") = "Elderson", "Elderson.csproj", "{EC1AD5B1-F5E9-4D07-A886-BD7F2DA15849}"
EndProject
Global
	GlobalSection(SolutionConfigurationPlatforms) = preSolution
		Debug|Any CPU = Debug|Any CPU
		Release|Any CPU = Release|Any CPU
	EndGlobalSection
	GlobalSection(ProjectConfigurationPlatforms) = postSolution
		{EC1AD5B1-F5E9-4D07-A886-BD7F2DA15849}.Debug|Any CPU.ActiveCfg = Debug|Any CPU
		{EC1AD5B1-F5E9-4D07-A886-BD7F2DA15849}.Debug|Any CPU.Build.0 = Debug|Any CPU
		{EC1AD5B1-F5E9-4D07-A886-BD7F2DA15849}.Release|Any CPU.ActiveCfg = Release|Any CPU
		{EC1AD5B1-F5E9-4D07-A886-BD7F2DA15849}.Release|Any CPU.Build.0 = Release|Any CPU
	EndGlobalSection
	GlobalSection(SolutionProperties) = preSolution
		HideSolutionNode = FALSE
	EndGlobalSection
	GlobalSection(ExtensibilityGlobals) = postSolution
		SolutionGuid = {A2B894B2-D486-401B-B363-AA1D13389A4D}
	EndGlobalSection
EndGlobal
